
Microsoft Visual Studio Solution File, Format Version 12.00
# Visual Studio Version 16
VisualStudioVersion = 16.0.31112.23
MinimumVisualStudioVersion = 10.0.40219.1
Project("{2150E333-8FDC-42A3-9474-1A3956D46DE8}") = "SolutionItems", "SolutionItems", "{A104CFD7-8F2E-45FB-89D8-02BC0D6B5DCD}"
	ProjectSection(SolutionItems) = preProject
		.gitignore = .gitignore
		CODEOWNERS = CODEOWNERS
		LICENSE = LICENSE
		README.md = README.md
	EndProjectSection
EndProject
Project("{2150E333-8FDC-42A3-9474-1A3956D46DE8}") = "FNA", "FNA", "{B121E245-3A56-43FC-9C38-92B097B0243F}"
EndProject
Project("{2150E333-8FDC-42A3-9474-1A3956D46DE8}") = "Core", "Core", "{326DB567-AA20-4D8F-A7FB-A70155D94279}"
EndProject
Project("{2150E333-8FDC-42A3-9474-1A3956D46DE8}") = "Monogame", "Monogame", "{A4E9461B-A3D7-4FAB-90F6-BBF418C95023}"
EndProject
Project("{9A19103F-16F7-4668-BE54-9A1E7A4F7556}") = "FNA.Core", "FNA_Repo\FNA.Core.csproj", "{AF4CF122-CE70-46B2-B7B4-B007A1066E79}"
EndProject
Project("{FAE04EC0-301F-11D3-BF4B-00C04F79EFBC}") = "FNA", "FNA_Repo\FNA.csproj", "{35253CE1-C864-4CD3-8249-4D1319748E8F}"
EndProject
Project("{9A19103F-16F7-4668-BE54-9A1E7A4F7556}") = "Velentr.Sprite.Core", "Core\Velentr.Sprite.Core\Velentr.Sprite.Core.csproj", "{8D6CD1B9-9AB3-47E7-AE38-821EB7E9AB53}"
EndProject
Project("{9A19103F-16F7-4668-BE54-9A1E7A4F7556}") = "Velentr.Sprite.Core.DevEnv", "Core\Velentr.Sprite.Core.DevEnv\Velentr.Sprite.Core.DevEnv.csproj", "{A9A4BFC4-F432-41A2-8A9E-9551673D23E8}"
EndProject
Project("{9A19103F-16F7-4668-BE54-9A1E7A4F7556}") = "Velentr.Sprite.FNA", "FNA\Velentr.Sprite.FNA\Velentr.Sprite.FNA.csproj", "{642651C8-7129-43E0-935C-05CD85A47AB1}"
EndProject
Project("{9A19103F-16F7-4668-BE54-9A1E7A4F7556}") = "Velentr.Sprite.FNA.DevEnv", "FNA\Velentr.Sprite.FNA.DevEnv\Velentr.Sprite.FNA.DevEnv.csproj", "{C78054F2-B5B0-4BD4-AA6E-2718B131DD0E}"
EndProject
Project("{9A19103F-16F7-4668-BE54-9A1E7A4F7556}") = "Velentr.Sprite.Monogame", "Monogame\Velentr.Sprite.Monogame\Velentr.Sprite.Monogame.csproj", "{669EA035-AD9C-4652-B5CE-F6375C4A0290}"
EndProject
Project("{9A19103F-16F7-4668-BE54-9A1E7A4F7556}") = "Velentr.Sprite.Monogame.DevEnv", "Monogame\Velentr.Sprite.Monogame.DevEnv\Velentr.Sprite.Monogame.DevEnv.csproj", "{7BF658FF-1742-45F0-B19B-581D7C8BC08C}"
EndProject
Global
	GlobalSection(SolutionConfigurationPlatforms) = preSolution
		Debug|Any CPU = Debug|Any CPU
		Debug|x64 = Debug|x64
		Debug|x86 = Debug|x86
		Release|Any CPU = Release|Any CPU
		Release|x64 = Release|x64
		Release|x86 = Release|x86
	EndGlobalSection
	GlobalSection(ProjectConfigurationPlatforms) = postSolution
		{AF4CF122-CE70-46B2-B7B4-B007A1066E79}.Debug|Any CPU.ActiveCfg = Debug|x64
		{AF4CF122-CE70-46B2-B7B4-B007A1066E79}.Debug|x64.ActiveCfg = Debug|x64
		{AF4CF122-CE70-46B2-B7B4-B007A1066E79}.Debug|x64.Build.0 = Debug|x64
		{AF4CF122-CE70-46B2-B7B4-B007A1066E79}.Debug|x86.ActiveCfg = Debug|x64
		{AF4CF122-CE70-46B2-B7B4-B007A1066E79}.Release|Any CPU.ActiveCfg = Release|x64
		{AF4CF122-CE70-46B2-B7B4-B007A1066E79}.Release|x64.ActiveCfg = Release|x64
		{AF4CF122-CE70-46B2-B7B4-B007A1066E79}.Release|x64.Build.0 = Release|x64
		{AF4CF122-CE70-46B2-B7B4-B007A1066E79}.Release|x86.ActiveCfg = Release|x64
		{35253CE1-C864-4CD3-8249-4D1319748E8F}.Debug|Any CPU.ActiveCfg = Debug|Any CPU
		{35253CE1-C864-4CD3-8249-4D1319748E8F}.Debug|Any CPU.Build.0 = Debug|Any CPU
		{35253CE1-C864-4CD3-8249-4D1319748E8F}.Debug|x64.ActiveCfg = Debug|x64
		{35253CE1-C864-4CD3-8249-4D1319748E8F}.Debug|x64.Build.0 = Debug|x64
		{35253CE1-C864-4CD3-8249-4D1319748E8F}.Debug|x86.ActiveCfg = Debug|x86
		{35253CE1-C864-4CD3-8249-4D1319748E8F}.Debug|x86.Build.0 = Debug|x86
		{35253CE1-C864-4CD3-8249-4D1319748E8F}.Release|Any CPU.ActiveCfg = Release|Any CPU
		{35253CE1-C864-4CD3-8249-4D1319748E8F}.Release|Any CPU.Build.0 = Release|Any CPU
		{35253CE1-C864-4CD3-8249-4D1319748E8F}.Release|x64.ActiveCfg = Release|x64
		{35253CE1-C864-4CD3-8249-4D1319748E8F}.Release|x64.Build.0 = Release|x64
		{35253CE1-C864-4CD3-8249-4D1319748E8F}.Release|x86.ActiveCfg = Release|x86
		{35253CE1-C864-4CD3-8249-4D1319748E8F}.Release|x86.Build.0 = Release|x86
		{8D6CD1B9-9AB3-47E7-AE38-821EB7E9AB53}.Debug|Any CPU.ActiveCfg = Debug|Any CPU
		{8D6CD1B9-9AB3-47E7-AE38-821EB7E9AB53}.Debug|Any CPU.Build.0 = Debug|Any CPU
		{8D6CD1B9-9AB3-47E7-AE38-821EB7E9AB53}.Debug|x64.ActiveCfg = Debug|Any CPU
		{8D6CD1B9-9AB3-47E7-AE38-821EB7E9AB53}.Debug|x64.Build.0 = Debug|Any CPU
		{8D6CD1B9-9AB3-47E7-AE38-821EB7E9AB53}.Debug|x86.ActiveCfg = Debug|Any CPU
		{8D6CD1B9-9AB3-47E7-AE38-821EB7E9AB53}.Debug|x86.Build.0 = Debug|Any CPU
		{8D6CD1B9-9AB3-47E7-AE38-821EB7E9AB53}.Release|Any CPU.ActiveCfg = Release|Any CPU
		{8D6CD1B9-9AB3-47E7-AE38-821EB7E9AB53}.Release|Any CPU.Build.0 = Release|Any CPU
		{8D6CD1B9-9AB3-47E7-AE38-821EB7E9AB53}.Release|x64.ActiveCfg = Release|Any CPU
		{8D6CD1B9-9AB3-47E7-AE38-821EB7E9AB53}.Release|x64.Build.0 = Release|Any CPU
		{8D6CD1B9-9AB3-47E7-AE38-821EB7E9AB53}.Release|x86.ActiveCfg = Release|Any CPU
		{8D6CD1B9-9AB3-47E7-AE38-821EB7E9AB53}.Release|x86.Build.0 = Release|Any CPU
		{A9A4BFC4-F432-41A2-8A9E-9551673D23E8}.Debug|Any CPU.ActiveCfg = Debug|Any CPU
		{A9A4BFC4-F432-41A2-8A9E-9551673D23E8}.Debug|Any CPU.Build.0 = Debug|Any CPU
		{A9A4BFC4-F432-41A2-8A9E-9551673D23E8}.Debug|x64.ActiveCfg = Debug|Any CPU
		{A9A4BFC4-F432-41A2-8A9E-9551673D23E8}.Debug|x64.Build.0 = Debug|Any CPU
		{A9A4BFC4-F432-41A2-8A9E-9551673D23E8}.Debug|x86.ActiveCfg = Debug|Any CPU
		{A9A4BFC4-F432-41A2-8A9E-9551673D23E8}.Debug|x86.Build.0 = Debug|Any CPU
		{A9A4BFC4-F432-41A2-8A9E-9551673D23E8}.Release|Any CPU.ActiveCfg = Release|Any CPU
		{A9A4BFC4-F432-41A2-8A9E-9551673D23E8}.Release|Any CPU.Build.0 = Release|Any CPU
		{A9A4BFC4-F432-41A2-8A9E-9551673D23E8}.Release|x64.ActiveCfg = Release|Any CPU
		{A9A4BFC4-F432-41A2-8A9E-9551673D23E8}.Release|x64.Build.0 = Release|Any CPU
		{A9A4BFC4-F432-41A2-8A9E-9551673D23E8}.Release|x86.ActiveCfg = Release|Any CPU
		{A9A4BFC4-F432-41A2-8A9E-9551673D23E8}.Release|x86.Build.0 = Release|Any CPU
		{642651C8-7129-43E0-935C-05CD85A47AB1}.Debug|Any CPU.ActiveCfg = Debug|Any CPU
		{642651C8-7129-43E0-935C-05CD85A47AB1}.Debug|Any CPU.Build.0 = Debug|Any CPU
		{642651C8-7129-43E0-935C-05CD85A47AB1}.Debug|x64.ActiveCfg = Debug|x64
		{642651C8-7129-43E0-935C-05CD85A47AB1}.Debug|x64.Build.0 = Debug|x64
		{642651C8-7129-43E0-935C-05CD85A47AB1}.Debug|x86.ActiveCfg = Debug|Any CPU
		{642651C8-7129-43E0-935C-05CD85A47AB1}.Debug|x86.Build.0 = Debug|Any CPU
		{642651C8-7129-43E0-935C-05CD85A47AB1}.Release|Any CPU.ActiveCfg = Release|Any CPU
		{642651C8-7129-43E0-935C-05CD85A47AB1}.Release|Any CPU.Build.0 = Release|Any CPU
		{642651C8-7129-43E0-935C-05CD85A47AB1}.Release|x64.ActiveCfg = Release|x64
		{642651C8-7129-43E0-935C-05CD85A47AB1}.Release|x64.Build.0 = Release|x64
		{642651C8-7129-43E0-935C-05CD85A47AB1}.Release|x86.ActiveCfg = Release|Any CPU
		{642651C8-7129-43E0-935C-05CD85A47AB1}.Release|x86.Build.0 = Release|Any CPU
		{C78054F2-B5B0-4BD4-AA6E-2718B131DD0E}.Debug|Any CPU.ActiveCfg = Debug|Any CPU
		{C78054F2-B5B0-4BD4-AA6E-2718B131DD0E}.Debug|Any CPU.Build.0 = Debug|Any CPU
		{C78054F2-B5B0-4BD4-AA6E-2718B131DD0E}.Debug|x64.ActiveCfg = Debug|x64
		{C78054F2-B5B0-4BD4-AA6E-2718B131DD0E}.Debug|x64.Build.0 = Debug|x64
		{C78054F2-B5B0-4BD4-AA6E-2718B131DD0E}.Debug|x86.ActiveCfg = Debug|x86
		{C78054F2-B5B0-4BD4-AA6E-2718B131DD0E}.Debug|x86.Build.0 = Debug|x86
		{C78054F2-B5B0-4BD4-AA6E-2718B131DD0E}.Release|Any CPU.ActiveCfg = Release|Any CPU
		{C78054F2-B5B0-4BD4-AA6E-2718B131DD0E}.Release|Any CPU.Build.0 = Release|Any CPU
		{C78054F2-B5B0-4BD4-AA6E-2718B131DD0E}.Release|x64.ActiveCfg = Release|x64
		{C78054F2-B5B0-4BD4-AA6E-2718B131DD0E}.Release|x64.Build.0 = Release|x64
		{C78054F2-B5B0-4BD4-AA6E-2718B131DD0E}.Release|x86.ActiveCfg = Release|x86
		{C78054F2-B5B0-4BD4-AA6E-2718B131DD0E}.Release|x86.Build.0 = Release|x86
		{669EA035-AD9C-4652-B5CE-F6375C4A0290}.Debug|Any CPU.ActiveCfg = Debug|Any CPU
		{669EA035-AD9C-4652-B5CE-F6375C4A0290}.Debug|Any CPU.Build.0 = Debug|Any CPU
		{669EA035-AD9C-4652-B5CE-F6375C4A0290}.Debug|x64.ActiveCfg = Debug|Any CPU
		{669EA035-AD9C-4652-B5CE-F6375C4A0290}.Debug|x64.Build.0 = Debug|Any CPU
		{669EA035-AD9C-4652-B5CE-F6375C4A0290}.Debug|x86.ActiveCfg = Debug|Any CPU
		{669EA035-AD9C-4652-B5CE-F6375C4A0290}.Debug|x86.Build.0 = Debug|Any CPU
		{669EA035-AD9C-4652-B5CE-F6375C4A0290}.Release|Any CPU.ActiveCfg = Release|Any CPU
		{669EA035-AD9C-4652-B5CE-F6375C4A0290}.Release|Any CPU.Build.0 = Release|Any CPU
		{669EA035-AD9C-4652-B5CE-F6375C4A0290}.Release|x64.ActiveCfg = Release|Any CPU
		{669EA035-AD9C-4652-B5CE-F6375C4A0290}.Release|x64.Build.0 = Release|Any CPU
		{669EA035-AD9C-4652-B5CE-F6375C4A0290}.Release|x86.ActiveCfg = Release|Any CPU
		{669EA035-AD9C-4652-B5CE-F6375C4A0290}.Release|x86.Build.0 = Release|Any CPU
		{7BF658FF-1742-45F0-B19B-581D7C8BC08C}.Debug|Any CPU.ActiveCfg = Debug|Any CPU
		{7BF658FF-1742-45F0-B19B-581D7C8BC08C}.Debug|Any CPU.Build.0 = Debug|Any CPU
		{7BF658FF-1742-45F0-B19B-581D7C8BC08C}.Debug|x64.ActiveCfg = Debug|Any CPU
		{7BF658FF-1742-45F0-B19B-581D7C8BC08C}.Debug|x64.Build.0 = Debug|Any CPU
		{7BF658FF-1742-45F0-B19B-581D7C8BC08C}.Debug|x86.ActiveCfg = Debug|Any CPU
		{7BF658FF-1742-45F0-B19B-581D7C8BC08C}.Debug|x86.Build.0 = Debug|Any CPU
		{7BF658FF-1742-45F0-B19B-581D7C8BC08C}.Release|Any CPU.ActiveCfg = Release|Any CPU
		{7BF658FF-1742-45F0-B19B-581D7C8BC08C}.Release|Any CPU.Build.0 = Release|Any CPU
		{7BF658FF-1742-45F0-B19B-581D7C8BC08C}.Release|x64.ActiveCfg = Release|Any CPU
		{7BF658FF-1742-45F0-B19B-581D7C8BC08C}.Release|x64.Build.0 = Release|Any CPU
		{7BF658FF-1742-45F0-B19B-581D7C8BC08C}.Release|x86.ActiveCfg = Release|Any CPU
		{7BF658FF-1742-45F0-B19B-581D7C8BC08C}.Release|x86.Build.0 = Release|Any CPU
	EndGlobalSection
	GlobalSection(SolutionProperties) = preSolution
		HideSolutionNode = FALSE
	EndGlobalSection
	GlobalSection(NestedProjects) = preSolution
		{AF4CF122-CE70-46B2-B7B4-B007A1066E79} = {B121E245-3A56-43FC-9C38-92B097B0243F}
		{35253CE1-C864-4CD3-8249-4D1319748E8F} = {B121E245-3A56-43FC-9C38-92B097B0243F}
		{8D6CD1B9-9AB3-47E7-AE38-821EB7E9AB53} = {326DB567-AA20-4D8F-A7FB-A70155D94279}
		{A9A4BFC4-F432-41A2-8A9E-9551673D23E8} = {326DB567-AA20-4D8F-A7FB-A70155D94279}
		{642651C8-7129-43E0-935C-05CD85A47AB1} = {B121E245-3A56-43FC-9C38-92B097B0243F}
		{C78054F2-B5B0-4BD4-AA6E-2718B131DD0E} = {B121E245-3A56-43FC-9C38-92B097B0243F}
		{669EA035-AD9C-4652-B5CE-F6375C4A0290} = {A4E9461B-A3D7-4FAB-90F6-BBF418C95023}
		{7BF658FF-1742-45F0-B19B-581D7C8BC08C} = {A4E9461B-A3D7-4FAB-90F6-BBF418C95023}
	EndGlobalSection
	GlobalSection(ExtensibilityGlobals) = postSolution
		SolutionGuid = {5EF08031-0858-4824-88B8-11B63A46B77C}
	EndGlobalSection
EndGlobal
