
Microsoft Visual Studio Solution File, Format Version 12.00
# Visual Studio Version 16
VisualStudioVersion = 16.0.31112.23
MinimumVisualStudioVersion = 10.0.40219.1
Project("{2150E333-8FDC-42A3-9474-1A3956D46DE8}") = "SolutionItems", "SolutionItems", "{A104CFD7-8F2E-45FB-89D8-02BC0D6B5DCD}"
	ProjectSection(SolutionItems) = preProject
		.gitignore = .gitignore
		CODEOWNERS = CODEOWNERS
		LICENSE = LICENSE
		README.md = README.md
	EndProjectSection
EndProject
Project("{2150E333-8FDC-42A3-9474-1A3956D46DE8}") = "FNA", "FNA", "{B121E245-3A56-43FC-9C38-92B097B0243F}"
EndProject
Project("{2150E333-8FDC-42A3-9474-1A3956D46DE8}") = "Core", "Core", "{326DB567-AA20-4D8F-A7FB-A70155D94279}"
EndProject
Project("{2150E333-8FDC-42A3-9474-1A3956D46DE8}") = "Monogame", "Monogame", "{A4E9461B-A3D7-4FAB-90F6-BBF418C95023}"
EndProject
Project("{9A19103F-16F7-4668-BE54-9A1E7A4F7556}") = "Velentr.Textures.Core", "Core\Velentr.Textures.Core\Velentr.Textures.Core.csproj", "{42DA8871-0A5D-45DC-A675-58E608C8B9E7}"
EndProject
Project("{9A19103F-16F7-4668-BE54-9A1E7A4F7556}") = "Velentr.Textures.Core.DevEnv", "Core\Velentr.Textures.Core.DevEnv\Velentr.Textures.Core.DevEnv.csproj", "{BCEFEA11-A862-428C-BEE2-D6F2913E7067}"
EndProject
Project("{9A19103F-16F7-4668-BE54-9A1E7A4F7556}") = "Velentr.Textures.FNA", "FNA\Velentr.Textures.FNA\Velentr.Textures.FNA.csproj", "{7DB883EA-B6B6-4FFC-AC41-FCA0C5D823C1}"
EndProject
Project("{9A19103F-16F7-4668-BE54-9A1E7A4F7556}") = "Velentr.Textures.FNA.DevEnv", "FNA\Velentr.Textures.FNA.DevEnv\Velentr.Textures.FNA.DevEnv.csproj", "{BED3C958-D475-476E-87C1-57ABFCD8D9D5}"
EndProject
Project("{9A19103F-16F7-4668-BE54-9A1E7A4F7556}") = "FNA.Core", "FNA_Repo\FNA.Core.csproj", "{AF4CF122-CE70-46B2-B7B4-B007A1066E79}"
EndProject
Project("{FAE04EC0-301F-11D3-BF4B-00C04F79EFBC}") = "FNA", "FNA_Repo\FNA.csproj", "{35253CE1-C864-4CD3-8249-4D1319748E8F}"
EndProject
Project("{9A19103F-16F7-4668-BE54-9A1E7A4F7556}") = "Velentr.Textures.Monogame", "Monogame\Velentr.Textures.Monogame\Velentr.Textures.Monogame.csproj", "{A017144A-8343-47EB-B6B1-EB7827DFBB9C}"
EndProject
Project("{9A19103F-16F7-4668-BE54-9A1E7A4F7556}") = "Velentr.Textures.Monogame.DevEnv", "Monogame\Velentr.Textures.Monogame.DevEnv\Velentr.Textures.Monogame.DevEnv.csproj", "{252C4576-CD9A-40EC-85BA-A48531ECFD40}"
EndProject
Global
	GlobalSection(SolutionConfigurationPlatforms) = preSolution
		Debug|Any CPU = Debug|Any CPU
		Debug|x64 = Debug|x64
		Debug|x86 = Debug|x86
		Release|Any CPU = Release|Any CPU
		Release|x64 = Release|x64
		Release|x86 = Release|x86
	EndGlobalSection
	GlobalSection(ProjectConfigurationPlatforms) = postSolution
		{42DA8871-0A5D-45DC-A675-58E608C8B9E7}.Debug|Any CPU.ActiveCfg = Debug|Any CPU
		{42DA8871-0A5D-45DC-A675-58E608C8B9E7}.Debug|Any CPU.Build.0 = Debug|Any CPU
		{42DA8871-0A5D-45DC-A675-58E608C8B9E7}.Debug|x64.ActiveCfg = Debug|Any CPU
		{42DA8871-0A5D-45DC-A675-58E608C8B9E7}.Debug|x64.Build.0 = Debug|Any CPU
		{42DA8871-0A5D-45DC-A675-58E608C8B9E7}.Debug|x86.ActiveCfg = Debug|Any CPU
		{42DA8871-0A5D-45DC-A675-58E608C8B9E7}.Debug|x86.Build.0 = Debug|Any CPU
		{42DA8871-0A5D-45DC-A675-58E608C8B9E7}.Release|Any CPU.ActiveCfg = Release|Any CPU
		{42DA8871-0A5D-45DC-A675-58E608C8B9E7}.Release|Any CPU.Build.0 = Release|Any CPU
		{42DA8871-0A5D-45DC-A675-58E608C8B9E7}.Release|x64.ActiveCfg = Release|Any CPU
		{42DA8871-0A5D-45DC-A675-58E608C8B9E7}.Release|x64.Build.0 = Release|Any CPU
		{42DA8871-0A5D-45DC-A675-58E608C8B9E7}.Release|x86.ActiveCfg = Release|Any CPU
		{42DA8871-0A5D-45DC-A675-58E608C8B9E7}.Release|x86.Build.0 = Release|Any CPU
		{BCEFEA11-A862-428C-BEE2-D6F2913E7067}.Debug|Any CPU.ActiveCfg = Debug|Any CPU
		{BCEFEA11-A862-428C-BEE2-D6F2913E7067}.Debug|Any CPU.Build.0 = Debug|Any CPU
		{BCEFEA11-A862-428C-BEE2-D6F2913E7067}.Debug|x64.ActiveCfg = Debug|Any CPU
		{BCEFEA11-A862-428C-BEE2-D6F2913E7067}.Debug|x64.Build.0 = Debug|Any CPU
		{BCEFEA11-A862-428C-BEE2-D6F2913E7067}.Debug|x86.ActiveCfg = Debug|Any CPU
		{BCEFEA11-A862-428C-BEE2-D6F2913E7067}.Debug|x86.Build.0 = Debug|Any CPU
		{BCEFEA11-A862-428C-BEE2-D6F2913E7067}.Release|Any CPU.ActiveCfg = Release|Any CPU
		{BCEFEA11-A862-428C-BEE2-D6F2913E7067}.Release|Any CPU.Build.0 = Release|Any CPU
		{BCEFEA11-A862-428C-BEE2-D6F2913E7067}.Release|x64.ActiveCfg = Release|Any CPU
		{BCEFEA11-A862-428C-BEE2-D6F2913E7067}.Release|x64.Build.0 = Release|Any CPU
		{BCEFEA11-A862-428C-BEE2-D6F2913E7067}.Release|x86.ActiveCfg = Release|Any CPU
		{BCEFEA11-A862-428C-BEE2-D6F2913E7067}.Release|x86.Build.0 = Release|Any CPU
		{7DB883EA-B6B6-4FFC-AC41-FCA0C5D823C1}.Debug|Any CPU.ActiveCfg = Debug|Any CPU
		{7DB883EA-B6B6-4FFC-AC41-FCA0C5D823C1}.Debug|Any CPU.Build.0 = Debug|Any CPU
		{7DB883EA-B6B6-4FFC-AC41-FCA0C5D823C1}.Debug|x64.ActiveCfg = Debug|x64
		{7DB883EA-B6B6-4FFC-AC41-FCA0C5D823C1}.Debug|x64.Build.0 = Debug|x64
		{7DB883EA-B6B6-4FFC-AC41-FCA0C5D823C1}.Debug|x86.ActiveCfg = Debug|Any CPU
		{7DB883EA-B6B6-4FFC-AC41-FCA0C5D823C1}.Debug|x86.Build.0 = Debug|Any CPU
		{7DB883EA-B6B6-4FFC-AC41-FCA0C5D823C1}.Release|Any CPU.ActiveCfg = Release|Any CPU
		{7DB883EA-B6B6-4FFC-AC41-FCA0C5D823C1}.Release|Any CPU.Build.0 = Release|Any CPU
		{7DB883EA-B6B6-4FFC-AC41-FCA0C5D823C1}.Release|x64.ActiveCfg = Release|x64
		{7DB883EA-B6B6-4FFC-AC41-FCA0C5D823C1}.Release|x64.Build.0 = Release|x64
		{7DB883EA-B6B6-4FFC-AC41-FCA0C5D823C1}.Release|x86.ActiveCfg = Release|Any CPU
		{7DB883EA-B6B6-4FFC-AC41-FCA0C5D823C1}.Release|x86.Build.0 = Release|Any CPU
		{BED3C958-D475-476E-87C1-57ABFCD8D9D5}.Debug|Any CPU.ActiveCfg = Debug|Any CPU
		{BED3C958-D475-476E-87C1-57ABFCD8D9D5}.Debug|Any CPU.Build.0 = Debug|Any CPU
		{BED3C958-D475-476E-87C1-57ABFCD8D9D5}.Debug|x64.ActiveCfg = Debug|x64
		{BED3C958-D475-476E-87C1-57ABFCD8D9D5}.Debug|x64.Build.0 = Debug|x64
		{BED3C958-D475-476E-87C1-57ABFCD8D9D5}.Debug|x86.ActiveCfg = Debug|x86
		{BED3C958-D475-476E-87C1-57ABFCD8D9D5}.Debug|x86.Build.0 = Debug|x86
		{BED3C958-D475-476E-87C1-57ABFCD8D9D5}.Release|Any CPU.ActiveCfg = Release|Any CPU
		{BED3C958-D475-476E-87C1-57ABFCD8D9D5}.Release|Any CPU.Build.0 = Release|Any CPU
		{BED3C958-D475-476E-87C1-57ABFCD8D9D5}.Release|x64.ActiveCfg = Release|x64
		{BED3C958-D475-476E-87C1-57ABFCD8D9D5}.Release|x64.Build.0 = Release|x64
		{BED3C958-D475-476E-87C1-57ABFCD8D9D5}.Release|x86.ActiveCfg = Release|x86
		{BED3C958-D475-476E-87C1-57ABFCD8D9D5}.Release|x86.Build.0 = Release|x86
		{AF4CF122-CE70-46B2-B7B4-B007A1066E79}.Debug|Any CPU.ActiveCfg = Debug|x64
		{AF4CF122-CE70-46B2-B7B4-B007A1066E79}.Debug|x64.ActiveCfg = Debug|x64
		{AF4CF122-CE70-46B2-B7B4-B007A1066E79}.Debug|x64.Build.0 = Debug|x64
		{AF4CF122-CE70-46B2-B7B4-B007A1066E79}.Debug|x86.ActiveCfg = Debug|x64
		{AF4CF122-CE70-46B2-B7B4-B007A1066E79}.Release|Any CPU.ActiveCfg = Release|x64
		{AF4CF122-CE70-46B2-B7B4-B007A1066E79}.Release|x64.ActiveCfg = Release|x64
		{AF4CF122-CE70-46B2-B7B4-B007A1066E79}.Release|x64.Build.0 = Release|x64
		{AF4CF122-CE70-46B2-B7B4-B007A1066E79}.Release|x86.ActiveCfg = Release|x64
		{35253CE1-C864-4CD3-8249-4D1319748E8F}.Debug|Any CPU.ActiveCfg = Debug|Any CPU
		{35253CE1-C864-4CD3-8249-4D1319748E8F}.Debug|Any CPU.Build.0 = Debug|Any CPU
		{35253CE1-C864-4CD3-8249-4D1319748E8F}.Debug|x64.ActiveCfg = Debug|x64
		{35253CE1-C864-4CD3-8249-4D1319748E8F}.Debug|x64.Build.0 = Debug|x64
		{35253CE1-C864-4CD3-8249-4D1319748E8F}.Debug|x86.ActiveCfg = Debug|x86
		{35253CE1-C864-4CD3-8249-4D1319748E8F}.Debug|x86.Build.0 = Debug|x86
		{35253CE1-C864-4CD3-8249-4D1319748E8F}.Release|Any CPU.ActiveCfg = Release|Any CPU
		{35253CE1-C864-4CD3-8249-4D1319748E8F}.Release|Any CPU.Build.0 = Release|Any CPU
		{35253CE1-C864-4CD3-8249-4D1319748E8F}.Release|x64.ActiveCfg = Release|x64
		{35253CE1-C864-4CD3-8249-4D1319748E8F}.Release|x64.Build.0 = Release|x64
		{35253CE1-C864-4CD3-8249-4D1319748E8F}.Release|x86.ActiveCfg = Release|x86
		{35253CE1-C864-4CD3-8249-4D1319748E8F}.Release|x86.Build.0 = Release|x86
		{A017144A-8343-47EB-B6B1-EB7827DFBB9C}.Debug|Any CPU.ActiveCfg = Debug|Any CPU
		{A017144A-8343-47EB-B6B1-EB7827DFBB9C}.Debug|Any CPU.Build.0 = Debug|Any CPU
		{A017144A-8343-47EB-B6B1-EB7827DFBB9C}.Debug|x64.ActiveCfg = Debug|Any CPU
		{A017144A-8343-47EB-B6B1-EB7827DFBB9C}.Debug|x64.Build.0 = Debug|Any CPU
		{A017144A-8343-47EB-B6B1-EB7827DFBB9C}.Debug|x86.ActiveCfg = Debug|Any CPU
		{A017144A-8343-47EB-B6B1-EB7827DFBB9C}.Debug|x86.Build.0 = Debug|Any CPU
		{A017144A-8343-47EB-B6B1-EB7827DFBB9C}.Release|Any CPU.ActiveCfg = Release|Any CPU
		{A017144A-8343-47EB-B6B1-EB7827DFBB9C}.Release|Any CPU.Build.0 = Release|Any CPU
		{A017144A-8343-47EB-B6B1-EB7827DFBB9C}.Release|x64.ActiveCfg = Release|Any CPU
		{A017144A-8343-47EB-B6B1-EB7827DFBB9C}.Release|x64.Build.0 = Release|Any CPU
		{A017144A-8343-47EB-B6B1-EB7827DFBB9C}.Release|x86.ActiveCfg = Release|Any CPU
		{A017144A-8343-47EB-B6B1-EB7827DFBB9C}.Release|x86.Build.0 = Release|Any CPU
		{252C4576-CD9A-40EC-85BA-A48531ECFD40}.Debug|Any CPU.ActiveCfg = Debug|Any CPU
		{252C4576-CD9A-40EC-85BA-A48531ECFD40}.Debug|Any CPU.Build.0 = Debug|Any CPU
		{252C4576-CD9A-40EC-85BA-A48531ECFD40}.Debug|x64.ActiveCfg = Debug|Any CPU
		{252C4576-CD9A-40EC-85BA-A48531ECFD40}.Debug|x64.Build.0 = Debug|Any CPU
		{252C4576-CD9A-40EC-85BA-A48531ECFD40}.Debug|x86.ActiveCfg = Debug|Any CPU
		{252C4576-CD9A-40EC-85BA-A48531ECFD40}.Debug|x86.Build.0 = Debug|Any CPU
		{252C4576-CD9A-40EC-85BA-A48531ECFD40}.Release|Any CPU.ActiveCfg = Release|Any CPU
		{252C4576-CD9A-40EC-85BA-A48531ECFD40}.Release|Any CPU.Build.0 = Release|Any CPU
		{252C4576-CD9A-40EC-85BA-A48531ECFD40}.Release|x64.ActiveCfg = Release|Any CPU
		{252C4576-CD9A-40EC-85BA-A48531ECFD40}.Release|x64.Build.0 = Release|Any CPU
		{252C4576-CD9A-40EC-85BA-A48531ECFD40}.Release|x86.ActiveCfg = Release|Any CPU
		{252C4576-CD9A-40EC-85BA-A48531ECFD40}.Release|x86.Build.0 = Release|Any CPU
	EndGlobalSection
	GlobalSection(SolutionProperties) = preSolution
		HideSolutionNode = FALSE
	EndGlobalSection
	GlobalSection(NestedProjects) = preSolution
		{42DA8871-0A5D-45DC-A675-58E608C8B9E7} = {326DB567-AA20-4D8F-A7FB-A70155D94279}
		{BCEFEA11-A862-428C-BEE2-D6F2913E7067} = {326DB567-AA20-4D8F-A7FB-A70155D94279}
		{7DB883EA-B6B6-4FFC-AC41-FCA0C5D823C1} = {B121E245-3A56-43FC-9C38-92B097B0243F}
		{BED3C958-D475-476E-87C1-57ABFCD8D9D5} = {B121E245-3A56-43FC-9C38-92B097B0243F}
		{AF4CF122-CE70-46B2-B7B4-B007A1066E79} = {B121E245-3A56-43FC-9C38-92B097B0243F}
		{35253CE1-C864-4CD3-8249-4D1319748E8F} = {B121E245-3A56-43FC-9C38-92B097B0243F}
		{A017144A-8343-47EB-B6B1-EB7827DFBB9C} = {A4E9461B-A3D7-4FAB-90F6-BBF418C95023}
		{252C4576-CD9A-40EC-85BA-A48531ECFD40} = {A4E9461B-A3D7-4FAB-90F6-BBF418C95023}
	EndGlobalSection
	GlobalSection(ExtensibilityGlobals) = postSolution
		SolutionGuid = {5EF08031-0858-4824-88B8-11B63A46B77C}
	EndGlobalSection
EndGlobal
